<?xml version="1.0" encoding="UTF-8"?>
<CONFIG>
  <ProjectOptions>
    <Version Value="10"/>
    <PathDelim Value="\"/>
    <General>
      <Flags>
        <MainUnitHasCreateFormStatements Value="False"/>
        <MainUnitHasTitleStatement Value="False"/>
        <MainUnitHasScaledStatement Value="False"/>
      </Flags>
      <SessionStorage Value="InProjectDir"/>
      <MainUnit Value="0"/>
      <Title Value="project1"/>
      <UseAppBundle Value="False"/>
      <ResourceType Value="res"/>
    </General>
    <BuildModes Count="1">
      <Item1 Name="Default" Default="True"/>
    </BuildModes>
    <PublishOptions>
      <Version Value="2"/>
    </PublishOptions>
    <RunParams>
      <local>
        <FormatVersion Value="1"/>
      </local>
    </RunParams>
    <RequiredPackages Count="1">
      <Item1>
        <PackageName Value="laz_synapse"/>
      </Item1>
    </RequiredPackages>
    <Units Count="13">
      <Unit0>
        <Filename Value="project1.lpr"/>
        <IsPartOfProject Value="True"/>
      </Unit0>
      <Unit1>
        <Filename Value="c2f.pas"/>
        <IsPartOfProject Value="True"/>
        <UnitName Value="C2F"/>
      </Unit1>
      <Unit2>
        <Filename Value="f2c.pas"/>
        <IsPartOfProject Value="True"/>
        <UnitName Value="F2C"/>
      </Unit2>
      <Unit3>
        <Filename Value="pmt.pas"/>
        <IsPartOfProject Value="True"/>
        <UnitName Value="PMT"/>
      </Unit3>
      <Unit4>
        <Filename Value="bin2dec.pas"/>
        <IsPartOfProject Value="True"/>
        <UnitName Value="BIN2DEC"/>
      </Unit4>
      <Unit5>
        <Filename Value="dec2bin.pas"/>
        <IsPartOfProject Value="True"/>
        <UnitName Value="DEC2BIN"/>
      </Unit5>
      <Unit6>
        <Filename Value="factorial.pas"/>
        <IsPartOfProject Value="True"/>
        <UnitName Value="Factorial"/>
      </Unit6>
      <Unit7>
        <Filename Value="hex2dec.pas"/>
        <IsPartOfProject Value="True"/>
        <UnitName Value="HEX2DEC"/>
      </Unit7>
      <Unit8>
        <Filename Value="dec2hex.pas"/>
        <IsPartOfProject Value="True"/>
        <UnitName Value="DEC2HEX"/>
      </Unit8>
      <Unit9>
        <Filename Value="compstring.pas"/>
        <IsPartOfProject Value="True"/>
        <UnitName Value="CompString"/>
      </Unit9>
      <Unit10>
        <Filename Value="trim.pas"/>
        <IsPartOfProject Value="True"/>
        <UnitName Value="TRIM"/>
      </Unit10>
      <Unit11>
        <Filename Value="repetir.pas"/>
        <IsPartOfProject Value="True"/>
        <UnitName Value="REPETIR"/>
      </Unit11>
      <Unit12>
        <Filename Value="ping.pas"/>
        <IsPartOfProject Value="True"/>
        <UnitName Value="PING"/>
      </Unit12>
    </Units>
  </ProjectOptions>
  <CompilerOptions>
    <Version Value="11"/>
    <PathDelim Value="\"/>
    <Target>
      <Filename Value="project1"/>
    </Target>
    <SearchPaths>
      <IncludeFiles Value="$(ProjOutDir)"/>
      <UnitOutputDirectory Value="lib\$(TargetCPU)-$(TargetOS)"/>
    </SearchPaths>
    <CodeGeneration>
      <RelocatableUnit Value="True"/>
    </CodeGeneration>
    <Linking>
      <Options>
        <ExecutableType Value="Library"/>
      </Options>
    </Linking>
  </CompilerOptions>
  <Debugging>
    <Exceptions Count="3">
      <Item1>
        <Name Value="EAbort"/>
      </Item1>
      <Item2>
        <Name Value="ECodetoolError"/>
      </Item2>
      <Item3>
        <Name Value="EFOpenError"/>
      </Item3>
    </Exceptions>
  </Debugging>
</CONFIG>
